
Microsoft Visual Studio Solution File, Format Version 12.00
# Visual Studio Version 17
VisualStudioVersion = 17.3.32901.215
MinimumVisualStudioVersion = 10.0.40219.1
Project("{FAE04EC0-301F-11D3-BF4B-00C04F79EFBC}") = "04 - Interfaces", "04 - Interfaces.csproj", "{FBEA244C-9262-4F12-9D61-798B75305186}"
EndProject
Global
	GlobalSection(SolutionConfigurationPlatforms) = preSolution
		Debug|Any CPU = Debug|Any CPU
		Release|Any CPU = Release|Any CPU
	EndGlobalSection
	GlobalSection(ProjectConfigurationPlatforms) = postSolution
		{FBEA244C-9262-4F12-9D61-798B75305186}.Debug|Any CPU.ActiveCfg = Debug|Any CPU
		{FBEA244C-9262-4F12-9D61-798B75305186}.Debug|Any CPU.Build.0 = Debug|Any CPU
		{FBEA244C-9262-4F12-9D61-798B75305186}.Release|Any CPU.ActiveCfg = Release|Any CPU
		{FBEA244C-9262-4F12-9D61-798B75305186}.Release|Any CPU.Build.0 = Release|Any CPU
	EndGlobalSection
	GlobalSection(SolutionProperties) = preSolution
		HideSolutionNode = FALSE
	EndGlobalSection
	GlobalSection(ExtensibilityGlobals) = postSolution
		SolutionGuid = {86DCAF59-EFCC-4773-BC86-262E38D47CB3}
	EndGlobalSection
EndGlobal
